
Microsoft Visual Studio Solution File, Format Version 12.00
# Visual Studio Version 17
VisualStudioVersion = 17.14.36705.20 d17.14
MinimumVisualStudioVersion = 10.0.40219.1
Project("{FAE04EC0-301F-11D3-BF4B-00C04F79EFBC}") = "FlappyBirb_PánczélCsenge12E", "FlappyBirb_PánczélCsenge12E\FlappyBirb_PánczélCsenge12E.csproj", "{984995D3-A871-4341-86B2-13547A8CEB3A}"
EndProject
Global
	GlobalSection(SolutionConfigurationPlatforms) = preSolution
		Debug|Any CPU = Debug|Any CPU
		Release|Any CPU = Release|Any CPU
	EndGlobalSection
	GlobalSection(ProjectConfigurationPlatforms) = postSolution
		{984995D3-A871-4341-86B2-13547A8CEB3A}.Debug|Any CPU.ActiveCfg = Debug|Any CPU
		{984995D3-A871-4341-86B2-13547A8CEB3A}.Debug|Any CPU.Build.0 = Debug|Any CPU
		{984995D3-A871-4341-86B2-13547A8CEB3A}.Release|Any CPU.ActiveCfg = Release|Any CPU
		{984995D3-A871-4341-86B2-13547A8CEB3A}.Release|Any CPU.Build.0 = Release|Any CPU
	EndGlobalSection
	GlobalSection(SolutionProperties) = preSolution
		HideSolutionNode = FALSE
	EndGlobalSection
	GlobalSection(ExtensibilityGlobals) = postSolution
		SolutionGuid = {E4F9E88B-36D9-4D27-B27C-9FD8376C2096}
	EndGlobalSection
EndGlobal
